
Microsoft Visual Studio Solution File, Format Version 12.00
# Visual Studio Version 17
VisualStudioVersion = 17.10.34916.146
MinimumVisualStudioVersion = 10.0.40219.1
Project("{FAE04EC0-301F-11D3-BF4B-00C04F79EFBC}") = "Battleship.net4.7.2", "Battleship.net4.7.2.csproj", "{9FB0D3FE-DE74-47D5-B51B-468C85975BF3}"
EndProject
Global
	GlobalSection(SolutionConfigurationPlatforms) = preSolution
		Debug|Any CPU = Debug|Any CPU
		Release|Any CPU = Release|Any CPU
	EndGlobalSection
	GlobalSection(ProjectConfigurationPlatforms) = postSolution
		{9FB0D3FE-DE74-47D5-B51B-468C85975BF3}.Debug|Any CPU.ActiveCfg = Debug|Any CPU
		{9FB0D3FE-DE74-47D5-B51B-468C85975BF3}.Debug|Any CPU.Build.0 = Debug|Any CPU
		{9FB0D3FE-DE74-47D5-B51B-468C85975BF3}.Release|Any CPU.ActiveCfg = Release|Any CPU
		{9FB0D3FE-DE74-47D5-B51B-468C85975BF3}.Release|Any CPU.Build.0 = Release|Any CPU
	EndGlobalSection
	GlobalSection(SolutionProperties) = preSolution
		HideSolutionNode = FALSE
	EndGlobalSection
	GlobalSection(ExtensibilityGlobals) = postSolution
		SolutionGuid = {F3437A4F-F074-4D8F-A065-0113D988B19A}
	EndGlobalSection
EndGlobal
